
Microsoft Visual Studio Solution File, Format Version 12.00
# Visual Studio Version 16
VisualStudioVersion = 16.0.30225.117
MinimumVisualStudioVersion = 10.0.40219.1
Project("{FAE04EC0-301F-11D3-BF4B-00C04F79EFBC}") = "app_for_CD", "app_for_CD\app_for_CD.csproj", "{CCAC4A37-F7E0-47C3-B9D6-BD7ED45E3DD6}"
EndProject
Global
	GlobalSection(SolutionConfigurationPlatforms) = preSolution
		Debug|Any CPU = Debug|Any CPU
		new_debug|Any CPU = new_debug|Any CPU
		Release|Any CPU = Release|Any CPU
	EndGlobalSection
	GlobalSection(ProjectConfigurationPlatforms) = postSolution
		{CCAC4A37-F7E0-47C3-B9D6-BD7ED45E3DD6}.Debug|Any CPU.ActiveCfg = Debug|Any CPU
		{CCAC4A37-F7E0-47C3-B9D6-BD7ED45E3DD6}.Debug|Any CPU.Build.0 = Debug|Any CPU
		{CCAC4A37-F7E0-47C3-B9D6-BD7ED45E3DD6}.new_debug|Any CPU.ActiveCfg = new_debug|Any CPU
		{CCAC4A37-F7E0-47C3-B9D6-BD7ED45E3DD6}.Release|Any CPU.ActiveCfg = Release|Any CPU
		{CCAC4A37-F7E0-47C3-B9D6-BD7ED45E3DD6}.Release|Any CPU.Build.0 = Release|Any CPU
	EndGlobalSection
	GlobalSection(SolutionProperties) = preSolution
		HideSolutionNode = FALSE
	EndGlobalSection
	GlobalSection(ExtensibilityGlobals) = postSolution
		SolutionGuid = {5587F857-879F-4AA7-90F7-637B3846A0CF}
	EndGlobalSection
EndGlobal
